
Microsoft Visual Studio Solution File, Format Version 12.00
Project("{FAE04EC0-301F-11D3-BF4B-00C04F79EFBC}") = "Module1Review", "Module1Review\Module1Review.csproj", "{BD78618D-2F41-4A30-B0EC-60545F583FAE}"
EndProject
Global
	GlobalSection(SolutionConfigurationPlatforms) = preSolution
		Debug|Any CPU = Debug|Any CPU
		Release|Any CPU = Release|Any CPU
	EndGlobalSection
	GlobalSection(ProjectConfigurationPlatforms) = postSolution
		{BD78618D-2F41-4A30-B0EC-60545F583FAE}.Debug|Any CPU.ActiveCfg = Debug|Any CPU
		{BD78618D-2F41-4A30-B0EC-60545F583FAE}.Debug|Any CPU.Build.0 = Debug|Any CPU
		{BD78618D-2F41-4A30-B0EC-60545F583FAE}.Release|Any CPU.ActiveCfg = Release|Any CPU
		{BD78618D-2F41-4A30-B0EC-60545F583FAE}.Release|Any CPU.Build.0 = Release|Any CPU
	EndGlobalSection
EndGlobal
